{
  "name": "@kingstea/sunt-iusto-dolorem",
  "version": "1.0.0",
  "lockfileVersion": 3,
  "requires": true,
  "packages": {
    "": {
      "name": "@kingstea/sunt-iusto-dolorem",
      "version": "1.0.0",
      "license": "MIT",
      "dependencies": {
        "@kingstea/beatae-harum-optio": "^1.0.0",
        "@kingstea/bug-free-octo-waddle": "^1.0.0",
        "@kingstea/consequuntur-reiciendis-explicabo": "^1.0.0",
        "@kingstea/debitis-laborum-atque": "^1.0.0",
        "@kingstea/dolorem-facilis-laudantium": "^1.0.0",
        "@kingstea/dolorum-harum-occaecati": "^1.0.0",
        "@kingstea/earum-eaque-asperiores": "^1.0.0",
        "@kingstea/eius-praesentium-nostrum": "^1.0.0",
        "@kingstea/explicabo-perspiciatis-eligendi": "^1.0.0",
        "@kingstea/fugit-distinctio-esse": "^1.0.0",
        "@kingstea/libero-debitis-aliquam": "^1.0.0",
        "@kingstea/odio-aspernatur-placeat": "^1.0.0",
        "@kingstea/placeat-hic-dignissimos": "^1.0.0",
        "@kingstea/possimus-delectus-atque": "^1.0.0",
        "@kingstea/possimus-repellendus-animi": "^1.0.0",
        "@kingstea/quam-in-occaecati": "^1.0.0",
        "@kingstea/quasi-harum-illum": "^1.0.0",
        "@kingstea/quis-aspernatur-dolorum": "^1.0.0",
        "@kingstea/quisquam-laudantium-tempore": "^1.0.0",
        "@kingstea/rerum-repellat-omnis": "^1.0.0",
        "@kingstea/similique-beatae-totam": "^1.0.0",
        "@kingstea/sint-dolorum-cumque": "^1.0.0",
        "@kingstea/vero-consectetur-ab": "^1.0.0",
        "@kingstea/vitae-aspernatur-incidunt": "^1.0.0"
      }
    },
    "node_modules/@kingstea/beatae-harum-optio": {
      "version": "1.0.0",
      "resolved": "https://registry.npmjs.org/@kingstea/beatae-harum-optio/-/beatae-harum-optio-1.0.0.tgz",
      "integrity": "sha512-lq0AmFndvzSVr0bw2koLDAbu8w8LIRs+g8DOMTq14A3eH73vcmM+AvaV+VnVjiV2EFkrAJzS5ylY62YwqXlAmA==",
      "dependencies": {
        "@kingstea/bug-free-octo-waddle": "^1.0.0",
        "@kingstea/consequuntur-reiciendis-explicabo": "^1.0.0",
        "@kingstea/debitis-laborum-atque": "^1.0.0",
        "@kingstea/dolorem-facilis-laudantium": "^1.0.0",
        "@kingstea/eius-praesentium-nostrum": "^1.0.0",
        "@kingstea/explicabo-perspiciatis-eligendi": "^1.0.0",
        "@kingstea/odio-aspernatur-placeat": "^1.0.0",
        "@kingstea/possimus-delectus-atque": "^1.0.0",
        "@kingstea/possimus-repellendus-animi": "^1.0.0",
        "@kingstea/quam-in-occaecati": "^1.0.0",
        "@kingstea/quasi-harum-illum": "^1.0.0",
        "@kingstea/quis-aspernatur-dolorum": "^1.0.0",
        "@kingstea/quisquam-laudantium-tempore": "^1.0.0",
        "@kingstea/rerum-repellat-omnis": "^1.0.0",
        "@kingstea/sint-dolorum-cumque": "^1.0.0",
        "@kingstea/vero-consectetur-ab": "^1.0.0",
        "@kingstea/vitae-aspernatur-incidunt": "^1.0.0"
      }
    },
    "node_modules/@kingstea/bug-free-octo-waddle": {
      "version": "1.0.0",
      "resolved": "https://registry.npmjs.org/@kingstea/bug-free-octo-waddle/-/bug-free-octo-waddle-1.0.0.tgz",
      "integrity": "sha512-NMM45UfVU32MaE7AXACsCRJM+KKXFYFCyh7a2glM1+X9HXkXspaazzqjb04/y4ZztlzOr4gvGt5tC2cy+EhV9Q==",
      "dependencies": {
        "@kingstea/consequuntur-reiciendis-explicabo": "^1.0.0",
        "@kingstea/dolorem-facilis-laudantium": "^1.0.0",
        "@kingstea/rerum-repellat-omnis": "^1.0.0"
      }
    },
    "node_modules/@kingstea/consequuntur-reiciendis-explicabo": {
      "version": "1.0.0",
      "resolved": "https://registry.npmjs.org/@kingstea/consequuntur-reiciendis-explicabo/-/consequuntur-reiciendis-explicabo-1.0.0.tgz",
      "integrity": "sha512-fShJ5ymM7JcGhaq3qF2z9mJIQdVLtB+4xDTel22mZEclNASMRjj0b2VTgDbtBQDRcjoZpl7TB5HZ03I81O5JGQ==",
      "dependencies": {
        "@kingstea/dolorem-facilis-laudantium": "^1.0.0",
        "@kingstea/rerum-repellat-omnis": "^1.0.0",
        "@kingstea/studious-guacamole": "^1.0.0"
      }
    },
    "node_modules/@kingstea/debitis-laborum-atque": {
      "version": "1.0.0",
      "resolved": "https://registry.npmjs.org/@kingstea/debitis-laborum-atque/-/debitis-laborum-atque-1.0.0.tgz",
      "integrity": "sha512-4G3CE/Ha8NH8SOaHml14iRi7F33k5iwXgJhHK5A9RIikTlXdhY7XksV3riHW/EuLlFCJHE6OpU098+ifYl2WmQ==",
      "dependencies": {
        "@kingstea/bug-free-octo-waddle": "^1.0.0",
        "@kingstea/consequuntur-reiciendis-explicabo": "^1.0.0",
        "@kingstea/dolorem-facilis-laudantium": "^1.0.0",
        "@kingstea/eius-praesentium-nostrum": "^1.0.0",
        "@kingstea/possimus-repellendus-animi": "^1.0.0",
        "@kingstea/quam-in-occaecati": "^1.0.0",
        "@kingstea/quis-aspernatur-dolorum": "^1.0.0",
        "@kingstea/quisquam-laudantium-tempore": "^1.0.0",
        "@kingstea/rerum-repellat-omnis": "^1.0.0",
        "@kingstea/sint-dolorum-cumque": "^1.0.0",
        "@kingstea/vero-consectetur-ab": "^1.0.0",
        "@kingstea/vitae-aspernatur-incidunt": "^1.0.0"
      }
    },
    "node_modules/@kingstea/dolorem-facilis-laudantium": {
      "version": "1.0.0",
      "resolved": "https://registry.npmjs.org/@kingstea/dolorem-facilis-laudantium/-/dolorem-facilis-laudantium-1.0.0.tgz",
      "integrity": "sha512-dlGW1x7GwvQrYFTD8rbUSsjzj0byxWRFGZBm3vARuSljv7HMus26rZITWlTlibL3On1H3Vgpmmcj3Y9Xk3xlLg==",
      "dependencies": {
        "@kingstea/studious-guacamole": "^1.0.0"
      }
    },
    "node_modules/@kingstea/dolorum-harum-occaecati": {
      "version": "1.0.0",
      "resolved": "https://registry.npmjs.org/@kingstea/dolorum-harum-occaecati/-/dolorum-harum-occaecati-1.0.0.tgz",
      "integrity": "sha512-Wuu9bMN0kKeCQM0zaQLT6/re2BrDizuRJeTAT/KeO0vD7n+jD/o+JPVCkirwkyABpz7cYkUlCxnlZFbsPBJZ1g==",
      "dependencies": {
        "@kingstea/beatae-harum-optio": "^1.0.0",
        "@kingstea/bug-free-octo-waddle": "^1.0.0",
        "@kingstea/consequuntur-reiciendis-explicabo": "^1.0.0",
        "@kingstea/debitis-laborum-atque": "^1.0.0",
        "@kingstea/dolorem-facilis-laudantium": "^1.0.0",
        "@kingstea/eius-praesentium-nostrum": "^1.0.0",
        "@kingstea/explicabo-perspiciatis-eligendi": "^1.0.0",
        "@kingstea/fugit-distinctio-esse": "^1.0.0",
        "@kingstea/odio-aspernatur-placeat": "^1.0.0",
        "@kingstea/possimus-delectus-atque": "^1.0.0",
        "@kingstea/possimus-repellendus-animi": "^1.0.0",
        "@kingstea/quam-in-occaecati": "^1.0.0",
        "@kingstea/quasi-harum-illum": "^1.0.0",
        "@kingstea/quis-aspernatur-dolorum": "^1.0.0",
        "@kingstea/quisquam-laudantium-tempore": "^1.0.0",
        "@kingstea/rerum-repellat-omnis": "^1.0.0",
        "@kingstea/sint-dolorum-cumque": "^1.0.0",
        "@kingstea/vero-consectetur-ab": "^1.0.0",
        "@kingstea/vitae-aspernatur-incidunt": "^1.0.0"
      }
    },
    "node_modules/@kingstea/earum-eaque-asperiores": {
      "version": "1.0.0",
      "resolved": "https://registry.npmjs.org/@kingstea/earum-eaque-asperiores/-/earum-eaque-asperiores-1.0.0.tgz",
      "integrity": "sha512-Toy6FPlo2L4PQQrsSf+h1FyDCzeto1ggfMJr9clZ2l+hNSjh9rUX2vTp5NCWbDY6KRWabubxmfEATSo9UOYdJw==",
      "dependencies": {
        "@kingstea/beatae-harum-optio": "^1.0.0",
        "@kingstea/bug-free-octo-waddle": "^1.0.0",
        "@kingstea/consequuntur-reiciendis-explicabo": "^1.0.0",
        "@kingstea/debitis-laborum-atque": "^1.0.0",
        "@kingstea/dolorem-facilis-laudantium": "^1.0.0",
        "@kingstea/dolorum-harum-occaecati": "^1.0.0",
        "@kingstea/eius-praesentium-nostrum": "^1.0.0",
        "@kingstea/explicabo-perspiciatis-eligendi": "^1.0.0",
        "@kingstea/fugit-distinctio-esse": "^1.0.0",
        "@kingstea/libero-debitis-aliquam": "^1.0.0",
        "@kingstea/odio-aspernatur-placeat": "^1.0.0",
        "@kingstea/placeat-hic-dignissimos": "^1.0.0",
        "@kingstea/possimus-delectus-atque": "^1.0.0",
        "@kingstea/possimus-repellendus-animi": "^1.0.0",
        "@kingstea/quam-in-occaecati": "^1.0.0",
        "@kingstea/quasi-harum-illum": "^1.0.0",
        "@kingstea/quis-aspernatur-dolorum": "^1.0.0",
        "@kingstea/quisquam-laudantium-tempore": "^1.0.0",
        "@kingstea/rerum-repellat-omnis": "^1.0.0",
        "@kingstea/similique-beatae-totam": "^1.0.0",
        "@kingstea/sint-dolorum-cumque": "^1.0.0",
        "@kingstea/vero-consectetur-ab": "^1.0.0",
        "@kingstea/vitae-aspernatur-incidunt": "^1.0.0"
      }
    },
    "node_modules/@kingstea/eius-praesentium-nostrum": {
      "version": "1.0.0",
      "resolved": "https://registry.npmjs.org/@kingstea/eius-praesentium-nostrum/-/eius-praesentium-nostrum-1.0.0.tgz",
      "integrity": "sha512-jmO5GnXkhRN/2g7bZCXyJIIPtaE9BvmG+w/gAN+6evQIvei+XG9xa3jXENZFKzlW4qUYZpMOXizm2JWfmvUcGg==",
      "dependencies": {
        "@kingstea/bug-free-octo-waddle": "^1.0.0",
        "@kingstea/consequuntur-reiciendis-explicabo": "^1.0.0",
        "@kingstea/dolorem-facilis-laudantium": "^1.0.0",
        "@kingstea/quam-in-occaecati": "^1.0.0",
        "@kingstea/quisquam-laudantium-tempore": "^1.0.0",
        "@kingstea/rerum-repellat-omnis": "^1.0.0",
        "@kingstea/vero-consectetur-ab": "^1.0.0"
      }
    },
    "node_modules/@kingstea/explicabo-perspiciatis-eligendi": {
      "version": "1.0.0",
      "resolved": "https://registry.npmjs.org/@kingstea/explicabo-perspiciatis-eligendi/-/explicabo-perspiciatis-eligendi-1.0.0.tgz",
      "integrity": "sha512-DlI/njtOEmOm1HAAYuMwpPEEFPUKh60psxjpkZSPR3NT0Le80ce2FlnUoqvNH6CCzU8uA0m0miaH4SbcET2xOg==",
      "dependencies": {
        "@kingstea/bug-free-octo-waddle": "^1.0.0",
        "@kingstea/consequuntur-reiciendis-explicabo": "^1.0.0",
        "@kingstea/debitis-laborum-atque": "^1.0.0",
        "@kingstea/dolorem-facilis-laudantium": "^1.0.0",
        "@kingstea/eius-praesentium-nostrum": "^1.0.0",
        "@kingstea/odio-aspernatur-placeat": "^1.0.0",
        "@kingstea/possimus-delectus-atque": "^1.0.0",
        "@kingstea/possimus-repellendus-animi": "^1.0.0",
        "@kingstea/quam-in-occaecati": "^1.0.0",
        "@kingstea/quasi-harum-illum": "^1.0.0",
        "@kingstea/quis-aspernatur-dolorum": "^1.0.0",
        "@kingstea/quisquam-laudantium-tempore": "^1.0.0",
        "@kingstea/rerum-repellat-omnis": "^1.0.0",
        "@kingstea/sint-dolorum-cumque": "^1.0.0",
        "@kingstea/vero-consectetur-ab": "^1.0.0",
        "@kingstea/vitae-aspernatur-incidunt": "^1.0.0"
      }
    },
    "node_modules/@kingstea/fugit-distinctio-esse": {
      "version": "1.0.0",
      "resolved": "https://registry.npmjs.org/@kingstea/fugit-distinctio-esse/-/fugit-distinctio-esse-1.0.0.tgz",
      "integrity": "sha512-NbudTnzpjd2LewtDFWAGEfkTnU9xHg5QDzI2XI2WVwCT9+mEoL1Y4dpAITqkrA2hN6lLlRw32duFCDAmAdSSag==",
      "dependencies": {
        "@kingstea/beatae-harum-optio": "^1.0.0",
        "@kingstea/bug-free-octo-waddle": "^1.0.0",
        "@kingstea/consequuntur-reiciendis-explicabo": "^1.0.0",
        "@kingstea/debitis-laborum-atque": "^1.0.0",
        "@kingstea/dolorem-facilis-laudantium": "^1.0.0",
        "@kingstea/eius-praesentium-nostrum": "^1.0.0",
        "@kingstea/explicabo-perspiciatis-eligendi": "^1.0.0",
        "@kingstea/odio-aspernatur-placeat": "^1.0.0",
        "@kingstea/possimus-delectus-atque": "^1.0.0",
        "@kingstea/possimus-repellendus-animi": "^1.0.0",
        "@kingstea/quam-in-occaecati": "^1.0.0",
        "@kingstea/quasi-harum-illum": "^1.0.0",
        "@kingstea/quis-aspernatur-dolorum": "^1.0.0",
        "@kingstea/quisquam-laudantium-tempore": "^1.0.0",
        "@kingstea/rerum-repellat-omnis": "^1.0.0",
        "@kingstea/sint-dolorum-cumque": "^1.0.0",
        "@kingstea/vero-consectetur-ab": "^1.0.0",
        "@kingstea/vitae-aspernatur-incidunt": "^1.0.0"
      }
    },
    "node_modules/@kingstea/libero-debitis-aliquam": {
      "version": "1.0.0",
      "resolved": "https://registry.npmjs.org/@kingstea/libero-debitis-aliquam/-/libero-debitis-aliquam-1.0.0.tgz",
      "integrity": "sha512-NoKAV1xO52APks/uxzEtAaDXPDoIfNfT4LrlE+Op/ImKRHgDa0FvNNINZMAyd+ZnMuEfoR7C67PRxQg1Ra0yBA==",
      "dependencies": {
        "@kingstea/beatae-harum-optio": "^1.0.0",
        "@kingstea/bug-free-octo-waddle": "^1.0.0",
        "@kingstea/consequuntur-reiciendis-explicabo": "^1.0.0",
        "@kingstea/debitis-laborum-atque": "^1.0.0",
        "@kingstea/dolorem-facilis-laudantium": "^1.0.0",
        "@kingstea/dolorum-harum-occaecati": "^1.0.0",
        "@kingstea/eius-praesentium-nostrum": "^1.0.0",
        "@kingstea/explicabo-perspiciatis-eligendi": "^1.0.0",
        "@kingstea/fugit-distinctio-esse": "^1.0.0",
        "@kingstea/odio-aspernatur-placeat": "^1.0.0",
        "@kingstea/possimus-delectus-atque": "^1.0.0",
        "@kingstea/possimus-repellendus-animi": "^1.0.0",
        "@kingstea/quam-in-occaecati": "^1.0.0",
        "@kingstea/quasi-harum-illum": "^1.0.0",
        "@kingstea/quis-aspernatur-dolorum": "^1.0.0",
        "@kingstea/quisquam-laudantium-tempore": "^1.0.0",
        "@kingstea/rerum-repellat-omnis": "^1.0.0",
        "@kingstea/similique-beatae-totam": "^1.0.0",
        "@kingstea/sint-dolorum-cumque": "^1.0.0",
        "@kingstea/vero-consectetur-ab": "^1.0.0",
        "@kingstea/vitae-aspernatur-incidunt": "^1.0.0"
      }
    },
    "node_modules/@kingstea/odio-aspernatur-placeat": {
      "version": "1.0.0",
      "resolved": "https://registry.npmjs.org/@kingstea/odio-aspernatur-placeat/-/odio-aspernatur-placeat-1.0.0.tgz",
      "integrity": "sha512-mxoxeV7kiV4w64lfurSkUh1ORbJIrLw6nnHjt6BQ5LgzqbujUAjFSlr62sGMh6I0CUqjtKj+jbZUGQRPsnBRuw==",
      "dependencies": {
        "@kingstea/bug-free-octo-waddle": "^1.0.0",
        "@kingstea/consequuntur-reiciendis-explicabo": "^1.0.0",
        "@kingstea/debitis-laborum-atque": "^1.0.0",
        "@kingstea/dolorem-facilis-laudantium": "^1.0.0",
        "@kingstea/eius-praesentium-nostrum": "^1.0.0",
        "@kingstea/possimus-repellendus-animi": "^1.0.0",
        "@kingstea/quam-in-occaecati": "^1.0.0",
        "@kingstea/quasi-harum-illum": "^1.0.0",
        "@kingstea/quis-aspernatur-dolorum": "^1.0.0",
        "@kingstea/quisquam-laudantium-tempore": "^1.0.0",
        "@kingstea/rerum-repellat-omnis": "^1.0.0",
        "@kingstea/sint-dolorum-cumque": "^1.0.0",
        "@kingstea/vero-consectetur-ab": "^1.0.0",
        "@kingstea/vitae-aspernatur-incidunt": "^1.0.0"
      }
    },
    "node_modules/@kingstea/placeat-hic-dignissimos": {
      "version": "1.0.0",
      "resolved": "https://registry.npmjs.org/@kingstea/placeat-hic-dignissimos/-/placeat-hic-dignissimos-1.0.0.tgz",
      "integrity": "sha512-G5sinWAYjBz2vRQPg81MBtWu7MdaTw/6s5gU5aYsyTa8ajOW7LFAv/k82VSiaBrqQBPKjk1Lmf+zikRN6F6uQA==",
      "dependencies": {
        "@kingstea/beatae-harum-optio": "^1.0.0",
        "@kingstea/bug-free-octo-waddle": "^1.0.0",
        "@kingstea/consequuntur-reiciendis-explicabo": "^1.0.0",
        "@kingstea/debitis-laborum-atque": "^1.0.0",
        "@kingstea/dolorem-facilis-laudantium": "^1.0.0",
        "@kingstea/dolorum-harum-occaecati": "^1.0.0",
        "@kingstea/eius-praesentium-nostrum": "^1.0.0",
        "@kingstea/explicabo-perspiciatis-eligendi": "^1.0.0",
        "@kingstea/fugit-distinctio-esse": "^1.0.0",
        "@kingstea/libero-debitis-aliquam": "^1.0.0",
        "@kingstea/odio-aspernatur-placeat": "^1.0.0",
        "@kingstea/possimus-delectus-atque": "^1.0.0",
        "@kingstea/possimus-repellendus-animi": "^1.0.0",
        "@kingstea/quam-in-occaecati": "^1.0.0",
        "@kingstea/quasi-harum-illum": "^1.0.0",
        "@kingstea/quis-aspernatur-dolorum": "^1.0.0",
        "@kingstea/quisquam-laudantium-tempore": "^1.0.0",
        "@kingstea/rerum-repellat-omnis": "^1.0.0",
        "@kingstea/similique-beatae-totam": "^1.0.0",
        "@kingstea/sint-dolorum-cumque": "^1.0.0",
        "@kingstea/vero-consectetur-ab": "^1.0.0",
        "@kingstea/vitae-aspernatur-incidunt": "^1.0.0"
      }
    },
    "node_modules/@kingstea/possimus-delectus-atque": {
      "version": "1.0.0",
      "resolved": "https://registry.npmjs.org/@kingstea/possimus-delectus-atque/-/possimus-delectus-atque-1.0.0.tgz",
      "integrity": "sha512-2lwd7sbX3bZqpvZYNeruoa4WFQKWYqehgBI8Hgp1WmHcd/FDeuheRVasOIWbVtio9wk/z6P98GZWYkHPe3nlzw==",
      "dependencies": {
        "@kingstea/bug-free-octo-waddle": "^1.0.0",
        "@kingstea/consequuntur-reiciendis-explicabo": "^1.0.0",
        "@kingstea/debitis-laborum-atque": "^1.0.0",
        "@kingstea/dolorem-facilis-laudantium": "^1.0.0",
        "@kingstea/eius-praesentium-nostrum": "^1.0.0",
        "@kingstea/odio-aspernatur-placeat": "^1.0.0",
        "@kingstea/possimus-repellendus-animi": "^1.0.0",
        "@kingstea/quam-in-occaecati": "^1.0.0",
        "@kingstea/quasi-harum-illum": "^1.0.0",
        "@kingstea/quis-aspernatur-dolorum": "^1.0.0",
        "@kingstea/quisquam-laudantium-tempore": "^1.0.0",
        "@kingstea/rerum-repellat-omnis": "^1.0.0",
        "@kingstea/sint-dolorum-cumque": "^1.0.0",
        "@kingstea/vero-consectetur-ab": "^1.0.0",
        "@kingstea/vitae-aspernatur-incidunt": "^1.0.0"
      }
    },
    "node_modules/@kingstea/possimus-repellendus-animi": {
      "version": "1.0.0",
      "resolved": "https://registry.npmjs.org/@kingstea/possimus-repellendus-animi/-/possimus-repellendus-animi-1.0.0.tgz",
      "integrity": "sha512-XKwSFVx2la+9vPqwXrAK97JJv7W9ur6ZOK1d8DdwdCZjWbwCW/qD4mjmCyGnsP9rH89OOXIJok1JBSayANFkdQ==",
      "dependencies": {
        "@kingstea/bug-free-octo-waddle": "^1.0.0",
        "@kingstea/consequuntur-reiciendis-explicabo": "^1.0.0",
        "@kingstea/dolorem-facilis-laudantium": "^1.0.0",
        "@kingstea/eius-praesentium-nostrum": "^1.0.0",
        "@kingstea/quam-in-occaecati": "^1.0.0",
        "@kingstea/quis-aspernatur-dolorum": "^1.0.0",
        "@kingstea/quisquam-laudantium-tempore": "^1.0.0",
        "@kingstea/rerum-repellat-omnis": "^1.0.0",
        "@kingstea/sint-dolorum-cumque": "^1.0.0",
        "@kingstea/vero-consectetur-ab": "^1.0.0"
      }
    },
    "node_modules/@kingstea/quam-in-occaecati": {
      "version": "1.0.0",
      "resolved": "https://registry.npmjs.org/@kingstea/quam-in-occaecati/-/quam-in-occaecati-1.0.0.tgz",
      "integrity": "sha512-BdJdyAYWkpN6b3cBwzruVfTljLaMa8Fj4Q7LuYFsexpz3XoeFa5eW9AqZ2u/i9JpcDsA8rXRqG+E71udacAK3w==",
      "dependencies": {
        "@kingstea/bug-free-octo-waddle": "^1.0.0",
        "@kingstea/consequuntur-reiciendis-explicabo": "^1.0.0",
        "@kingstea/dolorem-facilis-laudantium": "^1.0.0",
        "@kingstea/quisquam-laudantium-tempore": "^1.0.0",
        "@kingstea/rerum-repellat-omnis": "^1.0.0"
      }
    },
    "node_modules/@kingstea/quasi-harum-illum": {
      "version": "1.0.0",
      "resolved": "https://registry.npmjs.org/@kingstea/quasi-harum-illum/-/quasi-harum-illum-1.0.0.tgz",
      "integrity": "sha512-8DQKK/afStWH7AXf7GUSgKMqcMJPezqhX+N9yfipwmKA8yvOSxDfIogvjlCbb6PzoKnmR8yFge+MK4C/wr4XMg==",
      "dependencies": {
        "@kingstea/bug-free-octo-waddle": "^1.0.0",
        "@kingstea/consequuntur-reiciendis-explicabo": "^1.0.0",
        "@kingstea/debitis-laborum-atque": "^1.0.0",
        "@kingstea/dolorem-facilis-laudantium": "^1.0.0",
        "@kingstea/eius-praesentium-nostrum": "^1.0.0",
        "@kingstea/possimus-repellendus-animi": "^1.0.0",
        "@kingstea/quam-in-occaecati": "^1.0.0",
        "@kingstea/quis-aspernatur-dolorum": "^1.0.0",
        "@kingstea/quisquam-laudantium-tempore": "^1.0.0",
        "@kingstea/rerum-repellat-omnis": "^1.0.0",
        "@kingstea/sint-dolorum-cumque": "^1.0.0",
        "@kingstea/vero-consectetur-ab": "^1.0.0",
        "@kingstea/vitae-aspernatur-incidunt": "^1.0.0"
      }
    },
    "node_modules/@kingstea/quis-aspernatur-dolorum": {
      "version": "1.0.0",
      "resolved": "https://registry.npmjs.org/@kingstea/quis-aspernatur-dolorum/-/quis-aspernatur-dolorum-1.0.0.tgz",
      "integrity": "sha512-wihcKx4jlYnEzLkkPP/i1ZhuKjaBA7BSABa1Y4wGehczsFQ3h+uB0CS3uAK/CVlJF/XxAFk5Tv3UDzXvJrjgGA==",
      "dependencies": {
        "@kingstea/bug-free-octo-waddle": "^1.0.0",
        "@kingstea/consequuntur-reiciendis-explicabo": "^1.0.0",
        "@kingstea/dolorem-facilis-laudantium": "^1.0.0",
        "@kingstea/eius-praesentium-nostrum": "^1.0.0",
        "@kingstea/quam-in-occaecati": "^1.0.0",
        "@kingstea/quisquam-laudantium-tempore": "^1.0.0",
        "@kingstea/rerum-repellat-omnis": "^1.0.0",
        "@kingstea/sint-dolorum-cumque": "^1.0.0",
        "@kingstea/vero-consectetur-ab": "^1.0.0"
      }
    },
    "node_modules/@kingstea/quisquam-laudantium-tempore": {
      "version": "1.0.0",
      "resolved": "https://registry.npmjs.org/@kingstea/quisquam-laudantium-tempore/-/quisquam-laudantium-tempore-1.0.0.tgz",
      "integrity": "sha512-gEsLtS6mHciZ+p4lh7oPpRCLWKSUGDu0hkO2Dg+sXvihr5UO2LVDQ7KOoHNYVyLX6GE9Zeq9dhdCSNYm4i1xwA==",
      "dependencies": {
        "@kingstea/bug-free-octo-waddle": "^1.0.0",
        "@kingstea/consequuntur-reiciendis-explicabo": "^1.0.0",
        "@kingstea/dolorem-facilis-laudantium": "^1.0.0",
        "@kingstea/rerum-repellat-omnis": "^1.0.0"
      }
    },
    "node_modules/@kingstea/rerum-repellat-omnis": {
      "version": "1.0.0",
      "resolved": "https://registry.npmjs.org/@kingstea/rerum-repellat-omnis/-/rerum-repellat-omnis-1.0.0.tgz",
      "integrity": "sha512-WMcMztskUn0H8vjTNivVM/yQrJ56hPxmMIkZmuoBwX4dbQAUqvQKst6F2eGKOScSyzxI+mZoXvN3ts5gzkBmRQ==",
      "dependencies": {
        "@kingstea/dolorem-facilis-laudantium": "^1.0.0",
        "@kingstea/studious-guacamole": "^1.0.0"
      }
    },
    "node_modules/@kingstea/similique-beatae-totam": {
      "version": "1.0.0",
      "resolved": "https://registry.npmjs.org/@kingstea/similique-beatae-totam/-/similique-beatae-totam-1.0.0.tgz",
      "integrity": "sha512-84dSim/kt3RhiUTW+MvG6oFzjy3Ogi1kNY4fusMIuJqJmZyKfSnftC4fohRXrXXtnMMAfcX1IOjfu2rATYa6Ew==",
      "dependencies": {
        "@kingstea/beatae-harum-optio": "^1.0.0",
        "@kingstea/bug-free-octo-waddle": "^1.0.0",
        "@kingstea/consequuntur-reiciendis-explicabo": "^1.0.0",
        "@kingstea/debitis-laborum-atque": "^1.0.0",
        "@kingstea/dolorem-facilis-laudantium": "^1.0.0",
        "@kingstea/dolorum-harum-occaecati": "^1.0.0",
        "@kingstea/eius-praesentium-nostrum": "^1.0.0",
        "@kingstea/explicabo-perspiciatis-eligendi": "^1.0.0",
        "@kingstea/fugit-distinctio-esse": "^1.0.0",
        "@kingstea/odio-aspernatur-placeat": "^1.0.0",
        "@kingstea/possimus-delectus-atque": "^1.0.0",
        "@kingstea/possimus-repellendus-animi": "^1.0.0",
        "@kingstea/quam-in-occaecati": "^1.0.0",
        "@kingstea/quasi-harum-illum": "^1.0.0",
        "@kingstea/quis-aspernatur-dolorum": "^1.0.0",
        "@kingstea/quisquam-laudantium-tempore": "^1.0.0",
        "@kingstea/rerum-repellat-omnis": "^1.0.0",
        "@kingstea/sint-dolorum-cumque": "^1.0.0",
        "@kingstea/vero-consectetur-ab": "^1.0.0",
        "@kingstea/vitae-aspernatur-incidunt": "^1.0.0"
      }
    },
    "node_modules/@kingstea/sint-dolorum-cumque": {
      "version": "1.0.0",
      "resolved": "https://registry.npmjs.org/@kingstea/sint-dolorum-cumque/-/sint-dolorum-cumque-1.0.0.tgz",
      "integrity": "sha512-ophDdT0QjIso8MEEloy73WvJ1MjtpFgUQcgtMHbKsmnaBQp+ZtcI/z+Y5rfJ0/CTm/GTqvnDvm8o1t5otoYl2Q==",
      "dependencies": {
        "@kingstea/bug-free-octo-waddle": "^1.0.0",
        "@kingstea/consequuntur-reiciendis-explicabo": "^1.0.0",
        "@kingstea/dolorem-facilis-laudantium": "^1.0.0",
        "@kingstea/eius-praesentium-nostrum": "^1.0.0",
        "@kingstea/quam-in-occaecati": "^1.0.0",
        "@kingstea/quisquam-laudantium-tempore": "^1.0.0",
        "@kingstea/rerum-repellat-omnis": "^1.0.0",
        "@kingstea/vero-consectetur-ab": "^1.0.0"
      }
    },
    "node_modules/@kingstea/studious-guacamole": {
      "version": "1.0.0",
      "resolved": "https://registry.npmjs.org/@kingstea/studious-guacamole/-/studious-guacamole-1.0.0.tgz",
      "integrity": "sha512-3CWhosYL9klJAtqSe5SkbMdX9AovUGZdGJzCIGtL+H6KWJzjxJ4OSz+AFkDPAc4QgYPpkGHcsO9amKmnTu9HHA=="
    },
    "node_modules/@kingstea/vero-consectetur-ab": {
      "version": "1.0.0",
      "resolved": "https://registry.npmjs.org/@kingstea/vero-consectetur-ab/-/vero-consectetur-ab-1.0.0.tgz",
      "integrity": "sha512-VWB6ubsCSqC49B5iGHZIgpAyVYvUPx956Y4zg/kZTppS8yxxwDyx68NwkQD/7BeLVsZtFNboxTWkoNN4DxAWqg==",
      "dependencies": {
        "@kingstea/bug-free-octo-waddle": "^1.0.0",
        "@kingstea/consequuntur-reiciendis-explicabo": "^1.0.0",
        "@kingstea/dolorem-facilis-laudantium": "^1.0.0",
        "@kingstea/quam-in-occaecati": "^1.0.0",
        "@kingstea/quisquam-laudantium-tempore": "^1.0.0",
        "@kingstea/rerum-repellat-omnis": "^1.0.0"
      }
    },
    "node_modules/@kingstea/vitae-aspernatur-incidunt": {
      "version": "1.0.0",
      "resolved": "https://registry.npmjs.org/@kingstea/vitae-aspernatur-incidunt/-/vitae-aspernatur-incidunt-1.0.0.tgz",
      "integrity": "sha512-tf1m4yMPR/prUgzPt7cnppW0rKZriPAUYF/sSzdtb38bc7UxfJ/yWQ3ldBXMXcB2+d5crGFq6jooh7pBYe6UEw==",
      "dependencies": {
        "@kingstea/bug-free-octo-waddle": "^1.0.0",
        "@kingstea/consequuntur-reiciendis-explicabo": "^1.0.0",
        "@kingstea/dolorem-facilis-laudantium": "^1.0.0",
        "@kingstea/eius-praesentium-nostrum": "^1.0.0",
        "@kingstea/possimus-repellendus-animi": "^1.0.0",
        "@kingstea/quam-in-occaecati": "^1.0.0",
        "@kingstea/quis-aspernatur-dolorum": "^1.0.0",
        "@kingstea/quisquam-laudantium-tempore": "^1.0.0",
        "@kingstea/rerum-repellat-omnis": "^1.0.0",
        "@kingstea/sint-dolorum-cumque": "^1.0.0",
        "@kingstea/vero-consectetur-ab": "^1.0.0"
      }
    }
  }
}
